
Microsoft Visual Studio Solution File, Format Version 12.00
# Visual Studio 15
VisualStudioVersion = 15.0.26430.12
MinimumVisualStudioVersion = 10.0.40219.1
Project("{FAE04EC0-301F-11D3-BF4B-00C04F79EFBC}") = "App1", "App1\App1.csproj", "{D45ACC9A-A5BD-46C2-8B24-C61BE62004FD}"
EndProject
Project("{FAE04EC0-301F-11D3-BF4B-00C04F79EFBC}") = "GymPal.Core", "GymPal.Core\GymPal.Core.csproj", "{172AB207-FF9D-4045-A5A7-40362321EB62}"
EndProject
Global
	GlobalSection(SolutionConfigurationPlatforms) = preSolution
		Ad-Hoc|Any CPU = Ad-Hoc|Any CPU
		Ad-Hoc|iPhone = Ad-Hoc|iPhone
		Ad-Hoc|iPhoneSimulator = Ad-Hoc|iPhoneSimulator
		AppStore|Any CPU = AppStore|Any CPU
		AppStore|iPhone = AppStore|iPhone
		AppStore|iPhoneSimulator = AppStore|iPhoneSimulator
		Debug|Any CPU = Debug|Any CPU
		Debug|iPhone = Debug|iPhone
		Debug|iPhoneSimulator = Debug|iPhoneSimulator
		Release|Any CPU = Release|Any CPU
		Release|iPhone = Release|iPhone
		Release|iPhoneSimulator = Release|iPhoneSimulator
	EndGlobalSection
	GlobalSection(ProjectConfigurationPlatforms) = postSolution
		{D45ACC9A-A5BD-46C2-8B24-C61BE62004FD}.Ad-Hoc|Any CPU.ActiveCfg = Ad-Hoc|iPhoneSimulator
		{D45ACC9A-A5BD-46C2-8B24-C61BE62004FD}.Ad-Hoc|iPhone.ActiveCfg = Ad-Hoc|iPhone
		{D45ACC9A-A5BD-46C2-8B24-C61BE62004FD}.Ad-Hoc|iPhone.Build.0 = Ad-Hoc|iPhone
		{D45ACC9A-A5BD-46C2-8B24-C61BE62004FD}.Ad-Hoc|iPhoneSimulator.ActiveCfg = Ad-Hoc|iPhoneSimulator
		{D45ACC9A-A5BD-46C2-8B24-C61BE62004FD}.Ad-Hoc|iPhoneSimulator.Build.0 = Ad-Hoc|iPhoneSimulator
		{D45ACC9A-A5BD-46C2-8B24-C61BE62004FD}.AppStore|Any CPU.ActiveCfg = AppStore|iPhoneSimulator
		{D45ACC9A-A5BD-46C2-8B24-C61BE62004FD}.AppStore|iPhone.ActiveCfg = AppStore|iPhone
		{D45ACC9A-A5BD-46C2-8B24-C61BE62004FD}.AppStore|iPhone.Build.0 = AppStore|iPhone
		{D45ACC9A-A5BD-46C2-8B24-C61BE62004FD}.AppStore|iPhoneSimulator.ActiveCfg = AppStore|iPhoneSimulator
		{D45ACC9A-A5BD-46C2-8B24-C61BE62004FD}.AppStore|iPhoneSimulator.Build.0 = AppStore|iPhoneSimulator
		{D45ACC9A-A5BD-46C2-8B24-C61BE62004FD}.Debug|Any CPU.ActiveCfg = Debug|iPhoneSimulator
		{D45ACC9A-A5BD-46C2-8B24-C61BE62004FD}.Debug|iPhone.ActiveCfg = Debug|iPhone
		{D45ACC9A-A5BD-46C2-8B24-C61BE62004FD}.Debug|iPhone.Build.0 = Debug|iPhone
		{D45ACC9A-A5BD-46C2-8B24-C61BE62004FD}.Debug|iPhoneSimulator.ActiveCfg = Debug|iPhoneSimulator
		{D45ACC9A-A5BD-46C2-8B24-C61BE62004FD}.Debug|iPhoneSimulator.Build.0 = Debug|iPhoneSimulator
		{D45ACC9A-A5BD-46C2-8B24-C61BE62004FD}.Release|Any CPU.ActiveCfg = Release|iPhoneSimulator
		{D45ACC9A-A5BD-46C2-8B24-C61BE62004FD}.Release|iPhone.ActiveCfg = Release|iPhone
		{D45ACC9A-A5BD-46C2-8B24-C61BE62004FD}.Release|iPhone.Build.0 = Release|iPhone
		{D45ACC9A-A5BD-46C2-8B24-C61BE62004FD}.Release|iPhoneSimulator.ActiveCfg = Release|iPhoneSimulator
		{D45ACC9A-A5BD-46C2-8B24-C61BE62004FD}.Release|iPhoneSimulator.Build.0 = Release|iPhoneSimulator
		{172AB207-FF9D-4045-A5A7-40362321EB62}.Ad-Hoc|Any CPU.ActiveCfg = Release|Any CPU
		{172AB207-FF9D-4045-A5A7-40362321EB62}.Ad-Hoc|Any CPU.Build.0 = Release|Any CPU
		{172AB207-FF9D-4045-A5A7-40362321EB62}.Ad-Hoc|iPhone.ActiveCfg = Release|Any CPU
		{172AB207-FF9D-4045-A5A7-40362321EB62}.Ad-Hoc|iPhone.Build.0 = Release|Any CPU
		{172AB207-FF9D-4045-A5A7-40362321EB62}.Ad-Hoc|iPhoneSimulator.ActiveCfg = Release|Any CPU
		{172AB207-FF9D-4045-A5A7-40362321EB62}.Ad-Hoc|iPhoneSimulator.Build.0 = Release|Any CPU
		{172AB207-FF9D-4045-A5A7-40362321EB62}.AppStore|Any CPU.ActiveCfg = Release|Any CPU
		{172AB207-FF9D-4045-A5A7-40362321EB62}.AppStore|Any CPU.Build.0 = Release|Any CPU
		{172AB207-FF9D-4045-A5A7-40362321EB62}.AppStore|iPhone.ActiveCfg = Release|Any CPU
		{172AB207-FF9D-4045-A5A7-40362321EB62}.AppStore|iPhone.Build.0 = Release|Any CPU
		{172AB207-FF9D-4045-A5A7-40362321EB62}.AppStore|iPhoneSimulator.ActiveCfg = Release|Any CPU
		{172AB207-FF9D-4045-A5A7-40362321EB62}.AppStore|iPhoneSimulator.Build.0 = Release|Any CPU
		{172AB207-FF9D-4045-A5A7-40362321EB62}.Debug|Any CPU.ActiveCfg = Debug|Any CPU
		{172AB207-FF9D-4045-A5A7-40362321EB62}.Debug|Any CPU.Build.0 = Debug|Any CPU
		{172AB207-FF9D-4045-A5A7-40362321EB62}.Debug|iPhone.ActiveCfg = Debug|Any CPU
		{172AB207-FF9D-4045-A5A7-40362321EB62}.Debug|iPhone.Build.0 = Debug|Any CPU
		{172AB207-FF9D-4045-A5A7-40362321EB62}.Debug|iPhoneSimulator.ActiveCfg = Debug|Any CPU
		{172AB207-FF9D-4045-A5A7-40362321EB62}.Debug|iPhoneSimulator.Build.0 = Debug|Any CPU
		{172AB207-FF9D-4045-A5A7-40362321EB62}.Release|Any CPU.ActiveCfg = Release|Any CPU
		{172AB207-FF9D-4045-A5A7-40362321EB62}.Release|Any CPU.Build.0 = Release|Any CPU
		{172AB207-FF9D-4045-A5A7-40362321EB62}.Release|iPhone.ActiveCfg = Release|Any CPU
		{172AB207-FF9D-4045-A5A7-40362321EB62}.Release|iPhone.Build.0 = Release|Any CPU
		{172AB207-FF9D-4045-A5A7-40362321EB62}.Release|iPhoneSimulator.ActiveCfg = Release|Any CPU
		{172AB207-FF9D-4045-A5A7-40362321EB62}.Release|iPhoneSimulator.Build.0 = Release|Any CPU
	EndGlobalSection
	GlobalSection(SolutionProperties) = preSolution
		HideSolutionNode = FALSE
	EndGlobalSection
EndGlobal
